
Microsoft Visual Studio Solution File, Format Version 12.00
# Visual Studio Version 17
VisualStudioVersion = 17.10.35122.118
MinimumVisualStudioVersion = 10.0.40219.1
Project("{9A19103F-16F7-4668-BE54-9A1E7A4F7556}") = "Demo", "Demo 1\Demo.csproj", "{4818C169-4AC9-4E36-BC03-DC1D5A2E1637}"
EndProject
Project("{FAE04EC0-301F-11D3-BF4B-00C04F79EFBC}") = "Assignment", "Assignment\Assignment.csproj", "{C190D3ED-EDC2-40BD-9E32-7F352BF6B18C}"
EndProject
Global
	GlobalSection(SolutionConfigurationPlatforms) = preSolution
		Debug|Any CPU = Debug|Any CPU
		Release|Any CPU = Release|Any CPU
	EndGlobalSection
	GlobalSection(ProjectConfigurationPlatforms) = postSolution
		{4818C169-4AC9-4E36-BC03-DC1D5A2E1637}.Debug|Any CPU.ActiveCfg = Debug|Any CPU
		{4818C169-4AC9-4E36-BC03-DC1D5A2E1637}.Debug|Any CPU.Build.0 = Debug|Any CPU
		{4818C169-4AC9-4E36-BC03-DC1D5A2E1637}.Release|Any CPU.ActiveCfg = Release|Any CPU
		{4818C169-4AC9-4E36-BC03-DC1D5A2E1637}.Release|Any CPU.Build.0 = Release|Any CPU
		{C190D3ED-EDC2-40BD-9E32-7F352BF6B18C}.Debug|Any CPU.ActiveCfg = Debug|Any CPU
		{C190D3ED-EDC2-40BD-9E32-7F352BF6B18C}.Debug|Any CPU.Build.0 = Debug|Any CPU
		{C190D3ED-EDC2-40BD-9E32-7F352BF6B18C}.Release|Any CPU.ActiveCfg = Release|Any CPU
		{C190D3ED-EDC2-40BD-9E32-7F352BF6B18C}.Release|Any CPU.Build.0 = Release|Any CPU
	EndGlobalSection
	GlobalSection(SolutionProperties) = preSolution
		HideSolutionNode = FALSE
	EndGlobalSection
	GlobalSection(ExtensibilityGlobals) = postSolution
		SolutionGuid = {F3BF29D0-ECCE-43E5-8180-96C92D7F37F1}
	EndGlobalSection
EndGlobal
